// !$*UTF8*$!
{
	archiveVersion = 1;
	classes = {
	};
	objectVersion = 55;
	objects = {

/* Begin PBXBuildFile section */
		E1895BE4297D474200DD1654 /* MapsAppApp.swift in Sources */ = {isa = PBXBuildFile; fileRef = E1895BE3297D474200DD1654 /* MapsAppApp.swift */; };
		E1895BE6297D474200DD1654 /* ContentView.swift in Sources */ = {isa = PBXBuildFile; fileRef = E1895BE5297D474200DD1654 /* ContentView.swift */; };
		E1895BEB297D474400DD1654 /* Preview Assets.xcassets in Resources */ = {isa = PBXBuildFile; fileRef = E1895BEA297D474400DD1654 /* Preview Assets.xcassets */; };
		E1D2DF3E297D49E6007876F1 /* LocationsDataService.swift in Sources */ = {isa = PBXBuildFile; fileRef = E1D2DF3D297D49E6007876F1 /* LocationsDataService.swift */; };
		E1D2DF40297D49F3007876F1 /* Assets.xcassets in Resources */ = {isa = PBXBuildFile; fileRef = E1D2DF3F297D49F3007876F1 /* Assets.xcassets */; };
		E1D2DF42297D4A17007876F1 /* Location.swift in Sources */ = {isa = PBXBuildFile; fileRef = E1D2DF41297D4A17007876F1 /* Location.swift */; };
		E1D2DF44297D4AB4007876F1 /* LocationsView.swift in Sources */ = {isa = PBXBuildFile; fileRef = E1D2DF43297D4AB4007876F1 /* LocationsView.swift */; };
		E1E7BCF02983715B005E1C85 /* LocationsViewModel.swift in Sources */ = {isa = PBXBuildFile; fileRef = E1E7BCEF2983715A005E1C85 /* LocationsViewModel.swift */; };
		E81857A629923BE50020C085 /* LocationListView.swift in Sources */ = {isa = PBXBuildFile; fileRef = E81857A529923BE50020C085 /* LocationListView.swift */; };
/* End PBXBuildFile section */

/* Begin PBXFileReference section */
		E1895BE0297D474200DD1654 /* MapsApp.app */ = {isa = PBXFileReference; explicitFileType = wrapper.application; includeInIndex = 0; path = MapsApp.app; sourceTree = BUILT_PRODUCTS_DIR; };
		E1895BE3297D474200DD1654 /* MapsAppApp.swift */ = {isa = PBXFileReference; lastKnownFileType = sourcecode.swift; path = MapsAppApp.swift; sourceTree = "<group>"; };
		E1895BE5297D474200DD1654 /* ContentView.swift */ = {isa = PBXFileReference; lastKnownFileType = sourcecode.swift; path = ContentView.swift; sourceTree = "<group>"; };
		E1895BEA297D474400DD1654 /* Preview Assets.xcassets */ = {isa = PBXFileReference; lastKnownFileType = folder.assetcatalog; path = "Preview Assets.xcassets"; sourceTree = "<group>"; };
		E1D2DF3D297D49E6007876F1 /* LocationsDataService.swift */ = {isa = PBXFileReference; fileEncoding = 4; lastKnownFileType = sourcecode.swift; path = LocationsDataService.swift; sourceTree = "<group>"; };
		E1D2DF3F297D49F3007876F1 /* Assets.xcassets */ = {isa = PBXFileReference; lastKnownFileType = folder.assetcatalog; path = Assets.xcassets; sourceTree = "<group>"; };
		E1D2DF41297D4A17007876F1 /* Location.swift */ = {isa = PBXFileReference; lastKnownFileType = sourcecode.swift; path = Location.swift; sourceTree = "<group>"; };
		E1D2DF43297D4AB4007876F1 /* LocationsView.swift */ = {isa = PBXFileReference; lastKnownFileType = sourcecode.swift; path = LocationsView.swift; sourceTree = "<group>"; };
		E1E7BCEF2983715A005E1C85 /* LocationsViewModel.swift */ = {isa = PBXFileReference; lastKnownFileType = sourcecode.swift; path = LocationsViewModel.swift; sourceTree = "<group>"; };
		E81857A529923BE50020C085 /* LocationListView.swift */ = {isa = PBXFileReference; lastKnownFileType = sourcecode.swift; path = LocationListView.swift; sourceTree = "<group>"; };
/* End PBXFileReference section */

/* Begin PBXFrameworksBuildPhase section */
		E1895BDD297D474200DD1654 /* Frameworks */ = {
			isa = PBXFrameworksBuildPhase;
			buildActionMask = 2147483647;
			files = (
			);
			runOnlyForDeploymentPostprocessing = 0;
		};
/* End PBXFrameworksBuildPhase section */

/* Begin PBXGroup section */
		E1895BD7297D474200DD1654 = {
			isa = PBXGroup;
			children = (
				E1895BE2297D474200DD1654 /* MapsApp */,
				E1895BE1297D474200DD1654 /* Products */,
			);
			sourceTree = "<group>";
		};
		E1895BE1297D474200DD1654 /* Products */ = {
			isa = PBXGroup;
			children = (
				E1895BE0297D474200DD1654 /* MapsApp.app */,
			);
			name = Products;
			sourceTree = "<group>";
		};
		E1895BE2297D474200DD1654 /* MapsApp */ = {
			isa = PBXGroup;
			children = (
				E1D2DF3F297D49F3007876F1 /* Assets.xcassets */,
				E1D2DF3C297D49A8007876F1 /* DataServices */,
				E1D2DF3B297D499C007876F1 /* ViewModels */,
				E1D2DF3A297D4994007876F1 /* VIews */,
				E1D2DF39297D498C007876F1 /* Models */,
				E1895BE3297D474200DD1654 /* MapsAppApp.swift */,
				E1895BE5297D474200DD1654 /* ContentView.swift */,
				E1895BE9297D474400DD1654 /* Preview Content */,
			);
			path = MapsApp;
			sourceTree = "<group>";
		};
		E1895BE9297D474400DD1654 /* Preview Content */ = {
			isa = PBXGroup;
			children = (
				E1895BEA297D474400DD1654 /* Preview Assets.xcassets */,
			);
			path = "Preview Content";
			sourceTree = "<group>";
		};
		E1D2DF39297D498C007876F1 /* Models */ = {
			isa = PBXGroup;
			children = (
				E1D2DF41297D4A17007876F1 /* Location.swift */,
			);
			path = Models;
			sourceTree = "<group>";
		};
		E1D2DF3A297D4994007876F1 /* VIews */ = {
			isa = PBXGroup;
			children = (
				E1D2DF43297D4AB4007876F1 /* LocationsView.swift */,
				E81857A529923BE50020C085 /* LocationListView.swift */,
			);
			path = VIews;
			sourceTree = "<group>";
		};
		E1D2DF3B297D499C007876F1 /* ViewModels */ = {
			isa = PBXGroup;
			children = (
				E1E7BCEF2983715A005E1C85 /* LocationsViewModel.swift */,
			);
			path = ViewModels;
			sourceTree = "<group>";
		};
		E1D2DF3C297D49A8007876F1 /* DataServices */ = {
			isa = PBXGroup;
			children = (
				E1D2DF3D297D49E6007876F1 /* LocationsDataService.swift */,
			);
			path = DataServices;
			sourceTree = "<group>";
		};
/* End PBXGroup section */

/* Begin PBXNativeTarget section */
		E1895BDF297D474200DD1654 /* MapsApp */ = {
			isa = PBXNativeTarget;
			buildConfigurationList = E1895BEE297D474400DD1654 /* Build configuration list for PBXNativeTarget "MapsApp" */;
			buildPhases = (
				E1895BDC297D474200DD1654 /* Sources */,
				E1895BDD297D474200DD1654 /* Frameworks */,
				E1895BDE297D474200DD1654 /* Resources */,
			);
			buildRules = (
			);
			dependencies = (
			);
			name = MapsApp;
			productName = MapsApp;
			productReference = E1895BE0297D474200DD1654 /* MapsApp.app */;
			productType = "com.apple.product-type.application";
		};
/* End PBXNativeTarget section */

/* Begin PBXProject section */
		E1895BD8297D474200DD1654 /* Project object */ = {
			isa = PBXProject;
			attributes = {
				BuildIndependentTargetsInParallel = 1;
				LastSwiftUpdateCheck = 1330;
				LastUpgradeCheck = 1330;
				TargetAttributes = {
					E1895BDF297D474200DD1654 = {
						CreatedOnToolsVersion = 13.3.1;
					};
				};
			};
			buildConfigurationList = E1895BDB297D474200DD1654 /* Build configuration list for PBXProject "MapsApp" */;
			compatibilityVersion = "Xcode 13.0";
			developmentRegion = en;
			hasScannedForEncodings = 0;
			knownRegions = (
				en,
				Base,
			);
			mainGroup = E1895BD7297D474200DD1654;
			productRefGroup = E1895BE1297D474200DD1654 /* Products */;
			projectDirPath = "";
			projectRoot = "";
			targets = (
				E1895BDF297D474200DD1654 /* MapsApp */,
			);
		};
/* End PBXProject section */

/* Begin PBXResourcesBuildPhase section */
		E1895BDE297D474200DD1654 /* Resources */ = {
			isa = PBXResourcesBuildPhase;
			buildActionMask = 2147483647;
			files = (
				E1D2DF40297D49F3007876F1 /* Assets.xcassets in Resources */,
				E1895BEB297D474400DD1654 /* Preview Assets.xcassets in Resources */,
			);
			runOnlyForDeploymentPostprocessing = 0;
		};
/* End PBXResourcesBuildPhase section */

/* Begin PBXSourcesBuildPhase section */
		E1895BDC297D474200DD1654 /* Sources */ = {
			isa = PBXSourcesBuildPhase;
			buildActionMask = 2147483647;
			files = (
				E1895BE6297D474200DD1654 /* ContentView.swift in Sources */,
				E1E7BCF02983715B005E1C85 /* LocationsViewModel.swift in Sources */,
				E1895BE4297D474200DD1654 /* MapsAppApp.swift in Sources */,
				E1D2DF44297D4AB4007876F1 /* LocationsView.swift in Sources */,
				E81857A629923BE50020C085 /* LocationListView.swift in Sources */,
				E1D2DF42297D4A17007876F1 /* Location.swift in Sources */,
				E1D2DF3E297D49E6007876F1 /* LocationsDataService.swift in Sources */,
			);
			runOnlyForDeploymentPostprocessing = 0;
		};
/* End PBXSourcesBuildPhase section */

/* Begin XCBuildConfiguration section */
		E1895BEC297D474400DD1654 /* Debug */ = {
			isa = XCBuildConfiguration;
			buildSettings = {
				ALWAYS_SEARCH_USER_PATHS = NO;
				CLANG_ANALYZER_NONNULL = YES;
				CLANG_ANALYZER_NUMBER_OBJECT_CONVERSION = YES_AGGRESSIVE;
				CLANG_CXX_LANGUAGE_STANDARD = "gnu++17";
				CLANG_ENABLE_MODULES = YES;
				CLANG_ENABLE_OBJC_ARC = YES;
				CLANG_ENABLE_OBJC_WEAK = YES;
				CLANG_WARN_BLOCK_CAPTURE_AUTORELEASING = YES;
				CLANG_WARN_BOOL_CONVERSION = YES;
				CLANG_WARN_COMMA = YES;
				CLANG_WARN_CONSTANT_CONVERSION = YES;
				CLANG_WARN_DEPRECATED_OBJC_IMPLEMENTATIONS = YES;
				CLANG_WARN_DIRECT_OBJC_ISA_USAGE = YES_ERROR;
				CLANG_WARN_DOCUMENTATION_COMMENTS = YES;
				CLANG_WARN_EMPTY_BODY = YES;
				CLANG_WARN_ENUM_CONVERSION = YES;
				CLANG_WARN_INFINITE_RECURSION = YES;
				CLANG_WARN_INT_CONVERSION = YES;
				CLANG_WARN_NON_LITERAL_NULL_CONVERSION = YES;
				CLANG_WARN_OBJC_IMPLICIT_RETAIN_SELF = YES;
				CLANG_WARN_OBJC_LITERAL_CONVERSION = YES;
				CLANG_WARN_OBJC_ROOT_CLASS = YES_ERROR;
				CLANG_WARN_QUOTED_INCLUDE_IN_FRAMEWORK_HEADER = YES;
				CLANG_WARN_RANGE_LOOP_ANALYSIS = YES;
				CLANG_WARN_STRICT_PROTOTYPES = YES;
				CLANG_WARN_SUSPICIOUS_MOVE = YES;
				CLANG_WARN_UNGUARDED_AVAILABILITY = YES_AGGRESSIVE;
				CLANG_WARN_UNREACHABLE_CODE = YES;
				CLANG_WARN__DUPLICATE_METHOD_MATCH = YES;
				COPY_PHASE_STRIP = NO;
				DEBUG_INFORMATION_FORMAT = dwarf;
				ENABLE_STRICT_OBJC_MSGSEND = YES;
				ENABLE_TESTABILITY = YES;
				GCC_C_LANGUAGE_STANDARD = gnu11;
				GCC_DYNAMIC_NO_PIC = NO;
				GCC_NO_COMMON_BLOCKS = YES;
				GCC_OPTIMIZATION_LEVEL = 0;
				GCC_PREPROCESSOR_DEFINITIONS = (
					"DEBUG=1",
					"$(inherited)",
				);
				GCC_WARN_64_TO_32_BIT_CONVERSION = YES;
				GCC_WARN_ABOUT_RETURN_TYPE = YES_ERROR;
				GCC_WARN_UNDECLARED_SELECTOR = YES;
				GCC_WARN_UNINITIALIZED_AUTOS = YES_AGGRESSIVE;
				GCC_WARN_UNUSED_FUNCTION = YES;
				GCC_WARN_UNUSED_VARIABLE = YES;
				IPHONEOS_DEPLOYMENT_TARGET = 15.4;
				MTL_ENABLE_DEBUG_INFO = INCLUDE_SOURCE;
				MTL_FAST_MATH = YES;
				ONLY_ACTIVE_ARCH = YES;
				SDKROOT = iphoneos;
				SWIFT_ACTIVE_COMPILATION_CONDITIONS = DEBUG;
				SWIFT_OPTIMIZATION_LEVEL = "-Onone";
			};
			name = Debug;
		};
		E1895BED297D474400DD1654 /* Release */ = {
			isa = XCBuildConfiguration;
			buildSettings = {
				ALWAYS_SEARCH_USER_PATHS = NO;
				CLANG_ANALYZER_NONNULL = YES;
				CLANG_ANALYZER_NUMBER_OBJECT_CONVERSION = YES_AGGRESSIVE;
				CLANG_CXX_LANGUAGE_STANDARD = "gnu++17";
				CLANG_ENABLE_MODULES = YES;
				CLANG_ENABLE_OBJC_ARC = YES;
				CLANG_ENABLE_OBJC_WEAK = YES;
				CLANG_WARN_BLOCK_CAPTURE_AUTORELEASING = YES;
				CLANG_WARN_BOOL_CONVERSION = YES;
				CLANG_WARN_COMMA = YES;
				CLANG_WARN_CONSTANT_CONVERSION = YES;
				CLANG_WARN_DEPRECATED_OBJC_IMPLEMENTATIONS = YES;
				CLANG_WARN_DIRECT_OBJC_ISA_USAGE = YES_ERROR;
				CLANG_WARN_DOCUMENTATION_COMMENTS = YES;
				CLANG_WARN_EMPTY_BODY = YES;
				CLANG_WARN_ENUM_CONVERSION = YES;
				CLANG_WARN_INFINITE_RECURSION = YES;
				CLANG_WARN_INT_CONVERSION = YES;
				CLANG_WARN_NON_LITERAL_NULL_CONVERSION = YES;
				CLANG_WARN_OBJC_IMPLICIT_RETAIN_SELF = YES;
				CLANG_WARN_OBJC_LITERAL_CONVERSION = YES;
				CLANG_WARN_OBJC_ROOT_CLASS = YES_ERROR;
				CLANG_WARN_QUOTED_INCLUDE_IN_FRAMEWORK_HEADER = YES;
				CLANG_WARN_RANGE_LOOP_ANALYSIS = YES;
				CLANG_WARN_STRICT_PROTOTYPES = YES;
				CLANG_WARN_SUSPICIOUS_MOVE = YES;
				CLANG_WARN_UNGUARDED_AVAILABILITY = YES_AGGRESSIVE;
				CLANG_WARN_UNREACHABLE_CODE = YES;
				CLANG_WARN__DUPLICATE_METHOD_MATCH = YES;
				COPY_PHASE_STRIP = NO;
				DEBUG_INFORMATION_FORMAT = "dwarf-with-dsym";
				ENABLE_NS_ASSERTIONS = NO;
				ENABLE_STRICT_OBJC_MSGSEND = YES;
				GCC_C_LANGUAGE_STANDARD = gnu11;
				GCC_NO_COMMON_BLOCKS = YES;
				GCC_WARN_64_TO_32_BIT_CONVERSION = YES;
				GCC_WARN_ABOUT_RETURN_TYPE = YES_ERROR;
				GCC_WARN_UNDECLARED_SELECTOR = YES;
				GCC_WARN_UNINITIALIZED_AUTOS = YES_AGGRESSIVE;
				GCC_WARN_UNUSED_FUNCTION = YES;
				GCC_WARN_UNUSED_VARIABLE = YES;
				IPHONEOS_DEPLOYMENT_TARGET = 15.4;
				MTL_ENABLE_DEBUG_INFO = NO;
				MTL_FAST_MATH = YES;
				SDKROOT = iphoneos;
				SWIFT_COMPILATION_MODE = wholemodule;
				SWIFT_OPTIMIZATION_LEVEL = "-O";
				VALIDATE_PRODUCT = YES;
			};
			name = Release;
		};
		E1895BEF297D474400DD1654 /* Debug */ = {
			isa = XCBuildConfiguration;
			buildSettings = {
				ASSETCATALOG_COMPILER_APPICON_NAME = AppIcon;
				ASSETCATALOG_COMPILER_GLOBAL_ACCENT_COLOR_NAME = AccentColor;
				CODE_SIGN_STYLE = Automatic;
				CURRENT_PROJECT_VERSION = 1;
				DEVELOPMENT_ASSET_PATHS = "\"MapsApp/Preview Content\"";
				ENABLE_PREVIEWS = YES;
				GENERATE_INFOPLIST_FILE = YES;
				INFOPLIST_KEY_UIApplicationSceneManifest_Generation = YES;
				INFOPLIST_KEY_UIApplicationSupportsIndirectInputEvents = YES;
				INFOPLIST_KEY_UILaunchScreen_Generation = YES;
				INFOPLIST_KEY_UISupportedInterfaceOrientations_iPad = "UIInterfaceOrientationPortrait UIInterfaceOrientationPortraitUpsideDown UIInterfaceOrientationLandscapeLeft UIInterfaceOrientationLandscapeRight";
				INFOPLIST_KEY_UISupportedInterfaceOrientations_iPhone = "UIInterfaceOrientationPortrait UIInterfaceOrientationLandscapeLeft UIInterfaceOrientationLandscapeRight";
				LD_RUNPATH_SEARCH_PATHS = (
					"$(inherited)",
					"@executable_path/Frameworks",
				);
				MARKETING_VERSION = 1.0;
				PRODUCT_BUNDLE_IDENTIFIER = com.nadyafarchanaf.MapsApp;
				PRODUCT_NAME = "$(TARGET_NAME)";
				SWIFT_EMIT_LOC_STRINGS = YES;
				SWIFT_VERSION = 5.0;
				TARGETED_DEVICE_FAMILY = "1,2";
			};
			name = Debug;
		};
		E1895BF0297D474400DD1654 /* Release */ = {
			isa = XCBuildConfiguration;
			buildSettings = {
				ASSETCATALOG_COMPILER_APPICON_NAME = AppIcon;
				ASSETCATALOG_COMPILER_GLOBAL_ACCENT_COLOR_NAME = AccentColor;
				CODE_SIGN_STYLE = Automatic;
				CURRENT_PROJECT_VERSION = 1;
				DEVELOPMENT_ASSET_PATHS = "\"MapsApp/Preview Content\"";
				ENABLE_PREVIEWS = YES;
				GENERATE_INFOPLIST_FILE = YES;
				INFOPLIST_KEY_UIApplicationSceneManifest_Generation = YES;
				INFOPLIST_KEY_UIApplicationSupportsIndirectInputEvents = YES;
				INFOPLIST_KEY_UILaunchScreen_Generation = YES;
				INFOPLIST_KEY_UISupportedInterfaceOrientations_iPad = "UIInterfaceOrientationPortrait UIInterfaceOrientationPortraitUpsideDown UIInterfaceOrientationLandscapeLeft UIInterfaceOrientationLandscapeRight";
				INFOPLIST_KEY_UISupportedInterfaceOrientations_iPhone = "UIInterfaceOrientationPortrait UIInterfaceOrientationLandscapeLeft UIInterfaceOrientationLandscapeRight";
				LD_RUNPATH_SEARCH_PATHS = (
					"$(inherited)",
					"@executable_path/Frameworks",
				);
				MARKETING_VERSION = 1.0;
				PRODUCT_BUNDLE_IDENTIFIER = com.nadyafarchanaf.MapsApp;
				PRODUCT_NAME = "$(TARGET_NAME)";
				SWIFT_EMIT_LOC_STRINGS = YES;
				SWIFT_VERSION = 5.0;
				TARGETED_DEVICE_FAMILY = "1,2";
			};
			name = Release;
		};
/* End XCBuildConfiguration section */

/* Begin XCConfigurationList section */
		E1895BDB297D474200DD1654 /* Build configuration list for PBXProject "MapsApp" */ = {
			isa = XCConfigurationList;
			buildConfigurations = (
				E1895BEC297D474400DD1654 /* Debug */,
				E1895BED297D474400DD1654 /* Release */,
			);
			defaultConfigurationIsVisible = 0;
			defaultConfigurationName = Release;
		};
		E1895BEE297D474400DD1654 /* Build configuration list for PBXNativeTarget "MapsApp" */ = {
			isa = XCConfigurationList;
			buildConfigurations = (
				E1895BEF297D474400DD1654 /* Debug */,
				E1895BF0297D474400DD1654 /* Release */,
			);
			defaultConfigurationIsVisible = 0;
			defaultConfigurationName = Release;
		};
/* End XCConfigurationList section */
	};
	rootObject = E1895BD8297D474200DD1654 /* Project object */;
}
